cffi==1.15.1 ; (platform_machine == 'AMD64' and sys_platform == 'win32') or (platform_machine == 'x86_64' and sys_platform == 'win32') or (platform_python_implementation == 'CPython' and sys_platform == 'win32') \
    --hash=sha256:01a2d360ce056121c6502df8b14527a87c71290265c38a68d1b4149d8d97a8ac \
    --hash=sha256:2378be7dd2e3a4f87a9cb77b2ab930930d3c930da852752c31bd1c8dc0fd5f03 \
    --hash=sha256:269151b2235a57e6dc41281a294591868de9ac7e6ca3a38ebe807b0e6c7d1dc2 \
    --hash=sha256:2dd97fc135fb5fdca329ec673c531a47dd8762f25a9e28093511af4e4b0f19ff \
    --hash=sha256:2f9a7ab3df230fd5d12f509ca30e93d20f20bea96e3f17e0c07f70bb317c570c \
    --hash=sha256:31e788a0e934fdaac16d06eb48d3c3a0da8cb208ec54a46830072addcf38d9bf \
    --hash=sha256:341988857bfda183e090da0a393b7988fbe0b78b226775e04be3911ff4a6c688 \
    --hash=sha256:389256ae85df5e55f20ddbd0972e57ea878dc9fe21ebac287879d4220be23087 \
    --hash=sha256:7c7765f6bdcc54f7669a7bc05ae86857fab6b380003846620996ba6a5447772c \
    --hash=sha256:87c7a8e2b3453d2346db11b5316732394ce1355c27633f7d91997f5548de00c6 \
    --hash=sha256:9b01c95077cb512f7d786a3db57114b469f34989d3e8f8cfe3fc784c7c523935 \
    --hash=sha256:aef49f85c50b146931f8332e411435c588fc69eec3e18f698a28732782777221 \
    --hash=sha256:c8bbbb9749b96618c0236d76eda13a0e6b06856adef0767cb7ba17dbd7ab95b5 \
    --hash=sha256:d0b6bba46d56660e2abf21604098c2090fd693b3d106fe8cba3ed7459f7c2587 \
    --hash=sha256:e8f76a47d7b36864dd662851b7e92666dd88aed071eae530d8c0a872b51351f6
    # via gevent
gevent==23.9.1 \
    --hash=sha256:201f65df757eb8a9eb5835ad7c709d994296a0d2e305af1dfc9d8f7af81dc16b \
    --hash=sha256:2e399a325fcd5d14a26ab33d4fc7361723ee011e2458c41824343c8055835487 \
    --hash=sha256:461b861ed6bb6939c30020a636293d5b9e10c362a3deff2bb1112d2a6159bd1c \
    --hash=sha256:4fd00d413cc66144d0648896932d861a23ed0e70df76cf8e3403617149238350 \
    --hash=sha256:7c4252e3e2611c62464cc6d0fc91aa478f93e100f67fb0644a82d97cc6cb6b95 \
    --hash=sha256:7d154191f8b57b2b31e4ffcc6eb49ad540e002cd2bce3241c6f077782b770e75 \
    --hash=sha256:8a054f39a03dd5045a07866111c1376919cbe7433072da29a29a4c2e4dbfb42c \
    --hash=sha256:8d4e2a74c3a7d11e4e59a8c3cf08a9e32bb2967bec033bacf3944c09c37d7ad6 \
    --hash=sha256:9dc79b16f6811bcf25ce06c0a00d516b93788d7c3576c8fb9d79c1ba6ba18a37 \
    --hash=sha256:a82b052fe0fd96ebe83aa1fa6b5357b602288f8d81d46cae9aa7819c09727ccc \
    --hash=sha256:afb008f1078d91212244638825d565a0928321505cec53d709d0ca257453f945 \
    --hash=sha256:c00f99c5dc1d5b70f1d95623d8a386dff3880864a1515bba79e4131c8080cd62 \
    --hash=sha256:c69fc17dba6a903834755ff1e3df1efcd83e725dd0a0ef7a287c15df18c8d2d7 \
    --hash=sha256:ddbf0a7d4797c96769d5b8536df73456521de33c431fb610a9f618fa74b13976 \
    --hash=sha256:e365515de0651a482e52edcee8f6fca83522922eb8118850c7a92c5506f511ae \
    --hash=sha256:f5fdae69f6bffc92cdf4d892b338fc062c959bfe0ea9786030eab996b12690cb
greenlet==3.0.1 \
    --hash=sha256:00151cb7dd518ba33294eba27efc5be4b2536ee153e6d3b692a1a8b96f4ec9e9 \
    --hash=sha256:00b6004cd9871a98830eddc2c171035c034f9da0b650cf98bb1c5e3240c07780 \
    --hash=sha256:0110a7db553c40bb8d417dda1265780b70e902274123a157fae37ac3e1852f41 \
    --hash=sha256:0779086523392cc82ccf0da84277bd2d811d4e601ad45254f42f5b17cd0b5d2c \
    --hash=sha256:0e67f0a7d33d3758ff13bb0f2cca53d0414002833d9aff2dec87f16229dff4a0 \
    --hash=sha256:15b993c493229692c61f7a1beed5ef45c8df635d73aefcf39c0b863227f2c160 \
    --hash=sha256:3dac3255615c29da215a9d3ffcdfa7bfe8509a2cb24e03af572b69143f3c2b9f \
    --hash=sha256:57ab84fface95174d265fbf8e101729e82b61695ac595d1e219a90ec91237eb5 \
    --hash=sha256:65404c2fe2c5fa4e11b604c158bf433169ed19b55be741f57aa43b7512370ce7 \
    --hash=sha256:6765f1f1e65daf47248b89c056978265b626aaf7f7e9e7b091f17ae5af698510 \
    --hash=sha256:85b1ae6c8a4a222efe79be348e192abbd36a864f7aca13a978a126d06c4bcd8a \
    --hash=sha256:8ea2d3421ce258134ed16ccf03f46e44705f6d10e3675cabe5a25bc431b57db8 \
    --hash=sha256:ac38b67305319dd92e991a25ad10253585a6b95dcfe7333659115151b17bc662 \
    --hash=sha256:ad19de7a560055c299a8dbc22984320f470052bbee2d5fd1a7a18d0ef3fb20f3 \
    --hash=sha256:b2777f89483b323cc5d4e666597ecab92cc519808a42443e39d65742017cf0fb \
    --hash=sha256:bbd8bde5b5380f6239f855f529cd494fe88c926afb0b661a40da23bb43d08f99
    # via gevent
markdown-it-py==2.1.0 \
    --hash=sha256:93de681e5c021a432c63147656fe21790bc01231e0cd2da73626f1aa3ac0fe27 \
    --hash=sha256:aef02a297b9bc18077e5608fd932c6118dfa6e1cd183384269ecbba90f876fa0
    # via rich
mdurl==0.1.2 \
    --hash=sha256:83258797dcf54b946a39e95c4d46d5787308d38d129cdd5d25ad13f576a8c705 \
    --hash=sha256:84008a41e51615a49fc9966191ff91509e3c40b939176e643fd50a5c2196b8f8
    # via markdown-it-py
pycparser==2.21 ; (platform_machine == 'AMD64' and sys_platform == 'win32') or (platform_machine == 'x86_64' and sys_platform == 'win32') or (platform_python_implementation == 'CPython' and sys_platform == 'win32') \
    --hash=sha256:688108460a57f248af334bf9a0d1086a11c05a01fc66ae0e161feabb04a69bbc \
    --hash=sha256:8ee45429555515e1f6b185e78100aea234072576aa43ab53aefcae078162fca9
    # via cffi
pygments==2.14.0 \
    --hash=sha256:7990af1a10403e05ae30d9408f6c18da71a895efb75ddf493d5e7248ce93a8f2 \
    --hash=sha256:fa7bd7bd2771287c0de303af8bfdfc731f51bd2c6a47ab69d117138893b82717 \
    --hash=sha256:fa7bd7bd2771287c0de303af8bfdfc731f51bd2c6a47ab69d117138893b82717
    # via rich
rich==13.2.0 \
    --hash=sha256:7c963f0d03819221e9ac561e1bc866e3f95a02248c1234daa48954e6d381c003 \
    --hash=sha256:fdf50fa5c036da8a4219122f88d0acca746552ef4fa4736513348a1438f7440c
setuptools==75.6.0 \
    --hash=sha256:95e7b6c4ee1eb64afe479ba9f0c89ef4fb8e0da33319d829ecb2ad1dcd131dfd \
    --hash=sha256:ce74b49e8f7110f9bf04883b730f4765b774ef3ef28f722cce7c273d253aaf7d
    # via
    #   zope-event
    #   zope-interface
zope-event==5.0 \
    --hash=sha256:2832e95014f4db26c47a13fdaef84cef2f4df37e66b59d8f1f4a8f319a632c26 \
    --hash=sha256:cda062b73d08318a85e2032865975b0b9f6673ebdaefb770b105679ca5d4459e
    # via gevent
zope-interface==6.0 \
    --hash=sha256:1fa1ae598a5c10373d6d6e2ff16664b705aedf630e6c94a6c2ebbbdfb9e17db7 \
    --hash=sha256:333f019debbec7f00643a50d87937e0372612dfe584cc3016aa8aa5c76637af2 \
    --hash=sha256:3993bcfb9ec10ce37c4af4befb0a4f1fb422acc5ac3986a135d0cf312755e32b \
    --hash=sha256:3ccb7f398229301080b5e9614f264e75dbfdadd5898840ba58d28f467a23427c \
    --hash=sha256:466dba9c3b1b38acd196c7056d6895ac75f1d06a0a631a6b21992567de163972 \
    --hash=sha256:491e93797c9a07d7f364d1c8f93fe979e45b41d9791c92d1bb3037ee45a1367c \
    --hash=sha256:49dea861987a68cea3590423baaabd21054810473b95e8a08caefab3cc0f5d32 \
    --hash=sha256:4e8f4ab05c72d3b7d23fb1f42912fac59358822919b83adfddef065b1d299561 \
    --hash=sha256:5bae04fe87de6261640810a4808091852bdb3b5991d8cd4957d2396729432fe4 \
    --hash=sha256:733ac1512b7ae30d9186881f4a62c239ced96434cb60c2474a9fd0e00ca578c1 \
    --hash=sha256:757bf1fa2cd51903b7ec70f81e05731d22b14df03f78d9cc10634be19fb40155 \
    --hash=sha256:8250d025b9c07d3824688ba2b30ce72839eb8caee8810008cbeeceaaf5ed70d1 \
    --hash=sha256:b471c7f26fff5b5b3ac4be9be805fe18483ecd501c4bec990b0ccf797ae18312 \
    --hash=sha256:c2fb7b5b35114d035916d6aef190802e3938f21e7a1882fbef9a4b21a2345041 \
    --hash=sha256:e831732773ee57442f8fcf8d308a7b32b451fe187eb381966b52edce90ecb8b7 \
    --hash=sha256:f2ca384929d6b715940f68079822388be8babf7117179377d10dd21e26aeceee
    # via gevent
