attrs==21.4.0 \
    --hash=sha256:2d27e3784d7a565d36ab851fe94887c5eccd6a463168875832a1be79c82828b4 \
    --hash=sha256:e2b9099e722c52994178319a115fead7823808ae6aa391a472e68148ad3d6c19
    # via pytype
decorator==5.0.9 \
    --hash=sha256:6e5c199c16f7a9f0e3a61a4a54b3d27e7dad0dbdde92b944426cb20914376323 \
    --hash=sha256:b753e3ae2d83775cfa10e5bee42c51638076e384ef353b10dae92b987fac95c9
    # via networkx
importlab==0.8 \
    --hash=sha256:8ab32a0943a1332fdd94337842bb9af7f2f27b228c708ae40517ca825e71ae5c \
    --hash=sha256:8bb443909eedb49fd657528205d6d5460240be3d178598cd625beff1ddcbe6dc
    # via pytype
jinja2==3.1.2 \
    --hash=sha256:2a0c33a8beb56b6f7f541f959d6e80e6a837513b48e561e4f1fe01fe0de58aa8 \
    --hash=sha256:6088930bfe239f0e6710546ab9c19c9ef35e29792895fed6e6e31a023a182a61
    # via pytype
libcst==1.1.0 \
    --hash=sha256:15029e4ddf1609726287a0df912bcfaa20bd5f4a05431ca4ae0e4cba7d38dcdf \
    --hash=sha256:3cb81a659a694c599eea103daeb694444d2561a79002559cc25c582ea478d7eb \
    --hash=sha256:4915abbf527a6edc1e579492686586031d7059491b591bb65126f57ab3e084dd \
    --hash=sha256:5ce6fe5533427d7239e6af7d6b323100a53697f8de8fdbfb15c3ea7adf710648 \
    --hash=sha256:78b7a38ec4c1c009ac39027d51558b52851fb9234669ba5ba62283185963a31c \
    --hash=sha256:97fbc73c87e9040e148881041fd5ffa2a6ebf11f64b4ccb5b52e574b95df1a15 \
    --hash=sha256:aebca4cf99e668251d0081bfcbf4c90a9acf083736089f1f063dfe91bc0a5b00 \
    --hash=sha256:b993393c9ae056b63d13b224128abda0ece34f3cddafe26bba464dcbee1044af \
    --hash=sha256:beb7815073481a4a658d68b8681d27e4c8878705c2478d19afe45b4494c8cdf2 \
    --hash=sha256:c01803dadaa37e83d584dbcb26ce64b00819c6c9324c55959567cceb7669d996 \
    --hash=sha256:c428c34d298e0c141da5aaeb9e198c49f0715dfe860299bb2bb144bf38364fab \
    --hash=sha256:cc9b6ac36d7ec9db2f053014ea488086ca2ed9c322be104fbe2c71ca759da4bb \
    --hash=sha256:ec822687e9791b857f2050c4765d34fb1b32fc4f8bf18ca082c5b1132eae1f27 \
    --hash=sha256:f36f592e035ef84f312a12b75989dde6a5f6767fe99146cdae6a9ee9aff40dd0
    # via pytype
markupsafe==2.0.1 \
    --hash=sha256:1bac105f0f04866a3bac3d7fbf3037196baae3913e3760eff413e82a0e2fc7a3 \
    --hash=sha256:1e313fe427e655839db2d1306cb538f0743e2d94432f993f71efba44d7fce3af \
    --hash=sha256:336f1b8a800b1c519894dc9113176ede3197fdb2e0a137b0857d32918e72d555 \
    --hash=sha256:362632f57742c52111d2738aa81a44f6c95cc7b03350f7e5c48659f9a13a4c5e \
    --hash=sha256:3bfd2f3258e0d63aad144daca95cec4b827124df9c5b6f67174ccf642f4e7ffc \
    --hash=sha256:56b6e1a1f2af8eaf736d0b0050d25317f3ccd84e7481b91d46634b2e40b8a2a5 \
    --hash=sha256:5f4babd3c251f863ccc8a1169b514195da1575591c7e7403ebf2905a1f6e731e \
    --hash=sha256:6540dd5720e3a75ae0135c7c47c7095de8860f2240aee6d0ca30ef464951cde2 \
    --hash=sha256:70e5d6a7e7a754adaf6f2185ad9eb21dd1e0e639605247026359d1cf79a9bdde \
    --hash=sha256:75bc2835480e13cf1aa5de7581e3820dbb0c745982a92f6fdbd12dfda620b80f \
    --hash=sha256:a28a9b5c8edb7dee75aa31b2921492d038a2595e3c266f805586525aa8583c67 \
    --hash=sha256:b4d7f4fd2365ec8d94570cdee4ae47d25c99ce3aeb8c98b6e26cc986644319db \
    --hash=sha256:cff0ee84d3113cdf5587b5d1cbc8360b9e41a23e85581a8d3759a07f5b9887b9 \
    --hash=sha256:dfcb9a5e5bdd422b3844f199ee17ac27c6906dca4c1dbf6eb7c5f75e04ab8824 \
    --hash=sha256:e008ac2aead2d5131281111c7709db0ae560f743cc72c4dda177a1ac20bc7543 \
    --hash=sha256:e07772824590d8f6f68c85691e3cadbcf2d57511437d685577179596e24c1350 \
    --hash=sha256:f033c3917c9a51ca4b1f431e96fed1ae720e20698d32324ab80e083543af32e4
    # via jinja2
mypy-extensions==0.4.3 \
    --hash=sha256:090fedd75945a69ae91ce1303b5824f428daf5a028d2f6ab8a299250a846f15d \
    --hash=sha256:38cbac35a502c4f13b9d9b1d06258fa51e01da4f5828b171b4d1200d00378e7c
    # via typing-inspect
networkx==2.5 \
    --hash=sha256:507066f4ce5afe1b75f16383183a5bee1fd2228abe5b691211b5e40b3a079211 \
    --hash=sha256:8c5812e9f798d37c50570d15c4a69d5710a18d77bafc903ee9c5fba7454c616c
    # via
    #   importlab
    #   pytype
ninja==1.10.2.4 \
    --hash=sha256:3e2eb7ea7370bee24b428e8a5049be441950caf91ce2022bec5c74d0eaa849b2 \
    --hash=sha256:4a34dc9f63192a2f738596e58e715b8bb0d8109cd5a4a466d5f71d10311c42b4 \
    --hash=sha256:4a34dc9f63192a2f738596e58e715b8bb0d8109cd5a4a466d5f71d10311c42b4 \
    --hash=sha256:4a34dc9f63192a2f738596e58e715b8bb0d8109cd5a4a466d5f71d10311c42b4 \
    --hash=sha256:604de6a8aed608feab057ac954df22f3e3a486044a67d52fea83e3a631dbbb64 \
    --hash=sha256:76a85655a799db305ac012c08df19fbd4b4c637c5b25229975ea9af4692fd7b5 \
    --hash=sha256:93528aaa57dd7ede68e4324f3b9f4f7d4540940480e9b2c6add7f33db24d8dab \
    --hash=sha256:bbe881c34ef6d396c0196e98f6f4ab7ebdc34a131905012c0430d78fc4dde9a4 \
    --hash=sha256:c105daa7558ded0183ed29feed998e414347c73d538f340cee131294c64bd79b
    # via pytype
pycnite==2023.10.11 \
    --hash=sha256:7d02eb0ec4b405d8812ce053434dacfc2335dcd458ab58a1a8bf64f72d40bd76 \
    --hash=sha256:e59cfa7766c8744844efa4b18749e56bad71e352fd1079d813a7ed1f91fd54e4
    # via pytype
pydot==1.4.2 \
    --hash=sha256:467696d121f923462519948f1d9cba1727ceba9ec29629386b3cab3bcf93a841 \
    --hash=sha256:4a69f7a57a4f6bc004d9c0a101720ab2485a2fc2932847d1724c80910695c343
    # via pytype
pyparsing==2.4.7 \
    --hash=sha256:e353556f0615c2246ea24b7afd6089cb096c13c2f5c26b0ad0e0a542b5db6d19 \
    --hash=sha256:e353556f0615c2246ea24b7afd6089cb096c13c2f5c26b0ad0e0a542b5db6d19 \
    --hash=sha256:ef9d7589ef3c200abe66653d3f1ab1033c3c419ae9b9bdb1240a85b024efc88b \
    --hash=sha256:ef9d7589ef3c200abe66653d3f1ab1033c3c419ae9b9bdb1240a85b024efc88b \
    --hash=sha256:ef9d7589ef3c200abe66653d3f1ab1033c3c419ae9b9bdb1240a85b024efc88b \
    --hash=sha256:ef9d7589ef3c200abe66653d3f1ab1033c3c419ae9b9bdb1240a85b024efc88b \
    --hash=sha256:ef9d7589ef3c200abe66653d3f1ab1033c3c419ae9b9bdb1240a85b024efc88b \
    --hash=sha256:ef9d7589ef3c200abe66653d3f1ab1033c3c419ae9b9bdb1240a85b024efc88b \
    --hash=sha256:ef9d7589ef3c200abe66653d3f1ab1033c3c419ae9b9bdb1240a85b024efc88b \
    --hash=sha256:ef9d7589ef3c200abe66653d3f1ab1033c3c419ae9b9bdb1240a85b024efc88b \
    --hash=sha256:ef9d7589ef3c200abe66653d3f1ab1033c3c419ae9b9bdb1240a85b024efc88b \
    --hash=sha256:ef9d7589ef3c200abe66653d3f1ab1033c3c419ae9b9bdb1240a85b024efc88b \
    --hash=sha256:f10f6d3fc1598d55e192fe92b58c020281a7ad211a6f8f0ca9c24b3e97ecd699
    # via pydot
pytype==2024.1.24 \
    --hash=sha256:27c69c63f380f2ca4af3f98c22bb0f84419fd7120d983bd52983fb8c8e024fc7 \
    --hash=sha256:2957bfc44ed20e52a31d5931ac3aae5268ec74216124bb3005df68da9b600047 \
    --hash=sha256:41e6faaceeac13c0f717d136025308e12505b7569dfdc0e90acbd45817c94c54 \
    --hash=sha256:5f76c6185c2260bcdcce55b3ff32972cc50b72d61c51e73a31810f332b7aa59f \
    --hash=sha256:a6d4210e1e0dd847f7384cba0dc840fe0ff0f34df38590dc42822182c392721d \
    --hash=sha256:cb14fc540f404f3e0b09729d1317ffe535d75ecd1380b971e907b67c2d3f8779 \
    --hash=sha256:e08923636536f14a35e215f3794c5d9773fa5bb9059fd8cc8a382d6d10521d46 \
    --hash=sha256:fe2cb72ce07212e39b36a16064a75d93f336c02aca13b2f5bfa0b99f6ad845b5
pyyaml==5.3.1 \
    --hash=sha256:2272bf5e1dbdd6e2e2dab731f8639bce5dd400ce6aa67466f97dbf54c123e7bf \
    --hash=sha256:71f0d7f31eb9b86fc9d9937f7e1ea9d6b67a289ba90803d8779a07fa750766ca
    # via libcst
tabulate==0.8.10 \
    --hash=sha256:0ba055423dbaa164b9e456abe7920c5e8ed33fcc16f6d1b2f2d152c8e1e8b4fc \
    --hash=sha256:e9fdb4107d80a980bd0226607b3dfbc85726ca60d547bc8f7b8277284f685070
    # via pytype
toml==0.10.2 \
    --hash=sha256:7444a7b6b691410b3e4f321b0295a2b196e2fd0245ef6cc827c47c66325a79f1 \
    --hash=sha256:806143ae5bfb6a3c6e736a764057db0e6a0e05e338b5630894a5f779cabb4f9b
    # via pytype
typing-extensions==4.3.0 \
    --hash=sha256:09126dab54422810a541e078c37e62024e7260a022d4f67c075a6707d9553649 \
    --hash=sha256:25642c956049920a5aa49edcdd6ab1e06d7e5d467fc00e0506c44ac86fbfca02
    # via
    #   libcst
    #   pytype
    #   typing-inspect
typing-inspect==0.7.1 \
    --hash=sha256:3cd7d4563e997719a710a3bfe7ffb544c6b72069b6812a02e9b414a8fa3aaa6b \
    --hash=sha256:d68f2ee116b6f01b96a8488cdb098be7e04fbe3f72e302adb6d15d9983ff5b3b
    # via libcst
