lxml==4.9.3 \
    --hash=sha256:0327446f8a3ffe17920311b2ba1eab09c9915ef52c1a03a1e6cb981115184b79 \
    --hash=sha256:05a29c02a3f799ce9e7c5dfd1d3cdca895830d271bb827b17da9edd3c1c19efe \
    --hash=sha256:3706dc5e4077e3376a6932deb86b34a1076b1f697d7e0559ee0e2bc059d95ee6 \
    --hash=sha256:38fd42f01760800c98517e3b0784aafbcdce0a3d693553b505b76ad0ee057b2d \
    --hash=sha256:3e363a5809c625b9771429cddae789233e815fb8cb89ae5b553c9203e1ff0ce3 \
    --hash=sha256:611c3d22db3817ffad6ffd0bff9875d617cc6ea2e129cad7b04f4c89711f1839 \
    --hash=sha256:a20d74c48a4d4da5261d66668ec4d27c55157e3f3ab7fb047eef70aca2cfb26c \
    --hash=sha256:b2ee85e5f64034e6cccea743d2c6c9fa8ffc4a0542e8c9797de78fcbc3652b4b \
    --hash=sha256:be8c07cab2617b50f6a6e39137460f5bea7853a44dd9762d907bab8fe6a8bc8d \
    --hash=sha256:c3aa0cab053be97e76a1224138536377e5d3fd49c9366d46f44eb771e9447730 \
    --hash=sha256:c3e9ebddfa0b6230ec47cfa67b4eddfa9e5fb7f7c962870da278802cb8265737 \
    --hash=sha256:cda493abea2618ef6be4afa2e3b06e78f382994bbbc89bd7998c53df4a9cce38 \
    --hash=sha256:dfb5a73f24128910a7470a0b4d2ccaa70502ce2a7258ce0b2c77e43dd22544c7 \
    --hash=sha256:e187f9d84a243966f4f356df9f11468b57aea4e4009c31137baccca1f94a4bce \
    --hash=sha256:ee6cea8f7288bf6b8e68e348992b641dc245ee969ce480af53bd0fef286999e8 \
    --hash=sha256:fbd52c99838b9c60c7cdabc189ce8cf2376cd310855c77c4c360723e0075ec25
